
Microsoft Visual Studio Solution File, Format Version 12.00
# Visual Studio 15
VisualStudioVersion = 15.0.28307.1321
MinimumVisualStudioVersion = 10.0.40219.1
Project("{FAE04EC0-301F-11D3-BF4B-00C04F79EFBC}") = "Game3Test", "Game3Test\Game3Test.csproj", "{4FAF1AA9-1922-44B7-9AF8-76173BDDE948}"
EndProject
Global
	GlobalSection(SolutionConfigurationPlatforms) = preSolution
		Debug|Any CPU = Debug|Any CPU
		Release|Any CPU = Release|Any CPU
	EndGlobalSection
	GlobalSection(ProjectConfigurationPlatforms) = postSolution
		{4FAF1AA9-1922-44B7-9AF8-76173BDDE948}.Debug|Any CPU.ActiveCfg = Debug|Any CPU
		{4FAF1AA9-1922-44B7-9AF8-76173BDDE948}.Debug|Any CPU.Build.0 = Debug|Any CPU
		{4FAF1AA9-1922-44B7-9AF8-76173BDDE948}.Release|Any CPU.ActiveCfg = Release|Any CPU
		{4FAF1AA9-1922-44B7-9AF8-76173BDDE948}.Release|Any CPU.Build.0 = Release|Any CPU
	EndGlobalSection
	GlobalSection(SolutionProperties) = preSolution
		HideSolutionNode = FALSE
	EndGlobalSection
	GlobalSection(ExtensibilityGlobals) = postSolution
		SolutionGuid = {B7AF6482-1597-4F2B-85E3-A95D958096A3}
	EndGlobalSection
EndGlobal
